{
  "nodes": {
    "flake-utils": {
      "locked": {
        "lastModified": 1609246779,
        "narHash": "sha256-eq6ZXE/VWo3EMC65jmIT6H/rrUc9UWOWVujkzav025k=",
        "owner": "numtide",
        "repo": "flake-utils",
        "rev": "08c7ad4a0844adc4a7f9f5bb3beae482e789afa4",
        "type": "github"
      },
      "original": {
        "owner": "numtide",
        "repo": "flake-utils",
        "type": "github"
      }
    },
    "flake-utils_2": {
      "locked": {
        "lastModified": 1609246779,
        "narHash": "sha256-eq6ZXE/VWo3EMC65jmIT6H/rrUc9UWOWVujkzav025k=",
        "owner": "numtide",
        "repo": "flake-utils",
        "rev": "08c7ad4a0844adc4a7f9f5bb3beae482e789afa4",
        "type": "github"
      },
      "original": {
        "owner": "numtide",
        "repo": "flake-utils",
        "type": "github"
      }
    },
    "nixpkgs": {
      "locked": {
        "lastModified": 1622922048,
        "narHash": "sha256-nTyKxe0n7l/4HSmYaIN+63WQrvHrTJY6drSwP7bMqhU=",
        "owner": "NixOS",
        "repo": "nixpkgs",
        "rev": "5de44c15758465f8ddf84d541ba300b48e56eda4",
        "type": "github"
      },
      "original": {
        "owner": "NixOS",
        "ref": "nixos-21.05",
        "repo": "nixpkgs",
        "type": "github"
      }
    },
    "rPackages": {
      "inputs": {
        "flake-utils": "flake-utils_2",
        "nixpkgs": [
          "nixpkgs"
        ]
      },
      "locked": {
        "lastModified": 1618318288,
        "narHash": "sha256-0jWKREsC3bwB6k4qmnisMNQHMWNRfik53sYolq4hKZI=",
        "owner": "choener",
        "repo": "flake-rPackages",
        "rev": "da721a619efd2b6fee39d9d9b4a233d7797f35db",
        "type": "github"
      },
      "original": {
        "owner": "choener",
        "repo": "flake-rPackages",
        "type": "github"
      }
    },
    "root": {
      "inputs": {
        "flake-utils": "flake-utils",
        "nixpkgs": "nixpkgs",
        "rPackages": "rPackages"
      }
    }
  },
  "root": "root",
  "version": 7
}
